Microsoft Visual Studio Solution File, Format Version 10.00
# Visual Studio 2008
Project("{FAE04EC0-301F-11D3-BF4B-00C04F79EFBC}") = "TREK_V3_Sample_Code_Watch_Dog", "TREK_V3_Sample_Code_Watch_Dog\TREK_V3_Sample_Code_Watch_Dog.csproj", "{C1B1F28E-9245-4416-8264-28E6B465773A}"
EndProject
Global
	GlobalSection(SolutionConfigurationPlatforms) = preSolution
		Debug|Any CPU = Debug|Any CPU
		Release|Any CPU = Release|Any CPU
	EndGlobalSection
	GlobalSection(ProjectConfigurationPlatforms) = postSolution
		{C1B1F28E-9245-4416-8264-28E6B465773A}.Debug|Any CPU.ActiveCfg = Debug|Any CPU
		{C1B1F28E-9245-4416-8264-28E6B465773A}.Debug|Any CPU.Build.0 = Debug|Any CPU
		{C1B1F28E-9245-4416-8264-28E6B465773A}.Debug|Any CPU.Deploy.0 = Debug|Any CPU
		{C1B1F28E-9245-4416-8264-28E6B465773A}.Release|Any CPU.ActiveCfg = Release|Any CPU
		{C1B1F28E-9245-4416-8264-28E6B465773A}.Release|Any CPU.Build.0 = Release|Any CPU
		{C1B1F28E-9245-4416-8264-28E6B465773A}.Release|Any CPU.Deploy.0 = Release|Any CPU
	EndGlobalSection
	GlobalSection(SolutionProperties) = preSolution
		HideSolutionNode = FALSE
	EndGlobalSection
EndGlobal
