
Microsoft Visual Studio Solution File, Format Version 10.00
# Visual Studio 2008
Project("{FAE04EC0-301F-11D3-BF4B-00C04F79EFBC}") = "TREK_V3_Sample_Code_PeripheralCtrl", "TREK_V3_Sample_Code_PeripheralCtrl\TREK_V3_Sample_Code_PeripheralCtrl.csproj", "{31747F42-D999-405B-A261-C0269012E794}"
EndProject
Global
	GlobalSection(SolutionConfigurationPlatforms) = preSolution
		Debug|Any CPU = Debug|Any CPU
		Release|Any CPU = Release|Any CPU
	EndGlobalSection
	GlobalSection(ProjectConfigurationPlatforms) = postSolution
		{31747F42-D999-405B-A261-C0269012E794}.Debug|Any CPU.ActiveCfg = Debug|Any CPU
		{31747F42-D999-405B-A261-C0269012E794}.Debug|Any CPU.Build.0 = Debug|Any CPU
		{31747F42-D999-405B-A261-C0269012E794}.Release|Any CPU.ActiveCfg = Release|Any CPU
		{31747F42-D999-405B-A261-C0269012E794}.Release|Any CPU.Build.0 = Release|Any CPU
	EndGlobalSection
	GlobalSection(SolutionProperties) = preSolution
		HideSolutionNode = FALSE
	EndGlobalSection
EndGlobal
