
Microsoft Visual Studio Solution File, Format Version 10.00
# Visual Studio 2008
Project("{FAE04EC0-301F-11D3-BF4B-00C04F79EFBC}") = "TREK_V3_Sample_Code_DIO", "TREK_V3_Sample_Code_DIO\TREK_V3_Sample_Code_DIO.csproj", "{90268AA5-A4FE-448D-BC50-AB25D0D8F804}"
EndProject
Global
	GlobalSection(SolutionConfigurationPlatforms) = preSolution
		Debug|Any CPU = Debug|Any CPU
		Release|Any CPU = Release|Any CPU
	EndGlobalSection
	GlobalSection(ProjectConfigurationPlatforms) = postSolution
		{90268AA5-A4FE-448D-BC50-AB25D0D8F804}.Debug|Any CPU.ActiveCfg = Debug|Any CPU
		{90268AA5-A4FE-448D-BC50-AB25D0D8F804}.Debug|Any CPU.Build.0 = Debug|Any CPU
		{90268AA5-A4FE-448D-BC50-AB25D0D8F804}.Release|Any CPU.ActiveCfg = Release|Any CPU
		{90268AA5-A4FE-448D-BC50-AB25D0D8F804}.Release|Any CPU.Build.0 = Release|Any CPU
	EndGlobalSection
	GlobalSection(SolutionProperties) = preSolution
		HideSolutionNode = FALSE
	EndGlobalSection
EndGlobal
