Microsoft Visual Studio Solution File, Format Version 10.00
# Visual Studio 2008
Project("{FAE04EC0-301F-11D3-BF4B-00C04F79EFBC}") = "TREK_V3_Sample_Code_Light_Sensor", "TREK_V3_Sample_Code_Light_Sensor\TREK_V3_Sample_Code_Light_Sensor.csproj", "{D314B7AA-6D99-4BBB-832E-0053E932384B}"
EndProject
Global
	GlobalSection(SolutionConfigurationPlatforms) = preSolution
		Debug|Any CPU = Debug|Any CPU
		Release|Any CPU = Release|Any CPU
	EndGlobalSection
	GlobalSection(ProjectConfigurationPlatforms) = postSolution
		{D314B7AA-6D99-4BBB-832E-0053E932384B}.Debug|Any CPU.ActiveCfg = Debug|Any CPU
		{D314B7AA-6D99-4BBB-832E-0053E932384B}.Debug|Any CPU.Build.0 = Debug|Any CPU
		{D314B7AA-6D99-4BBB-832E-0053E932384B}.Debug|Any CPU.Deploy.0 = Debug|Any CPU
		{D314B7AA-6D99-4BBB-832E-0053E932384B}.Release|Any CPU.ActiveCfg = Release|Any CPU
		{D314B7AA-6D99-4BBB-832E-0053E932384B}.Release|Any CPU.Build.0 = Release|Any CPU
		{D314B7AA-6D99-4BBB-832E-0053E932384B}.Release|Any CPU.Deploy.0 = Release|Any CPU
	EndGlobalSection
	GlobalSection(SolutionProperties) = preSolution
		HideSolutionNode = FALSE
	EndGlobalSection
EndGlobal
