Microsoft Visual Studio Solution File, Format Version 10.00
# Visual Studio 2008
Project("{FAE04EC0-301F-11D3-BF4B-00C04F79EFBC}") = "TREK_V3_Sample_Code_Hot_key", "TREK_V3_Sample_Code_Hot_key\TREK_V3_Sample_Code_Hot_key.csproj", "{829DE13F-CF3B-4D4A-AFE2-446FB4182E2A}"
EndProject
Global
	GlobalSection(SolutionConfigurationPlatforms) = preSolution
		Debug|Any CPU = Debug|Any CPU
		Release|Any CPU = Release|Any CPU
	EndGlobalSection
	GlobalSection(ProjectConfigurationPlatforms) = postSolution
		{829DE13F-CF3B-4D4A-AFE2-446FB4182E2A}.Debug|Any CPU.ActiveCfg = Debug|Any CPU
		{829DE13F-CF3B-4D4A-AFE2-446FB4182E2A}.Debug|Any CPU.Build.0 = Debug|Any CPU
		{829DE13F-CF3B-4D4A-AFE2-446FB4182E2A}.Debug|Any CPU.Deploy.0 = Debug|Any CPU
		{829DE13F-CF3B-4D4A-AFE2-446FB4182E2A}.Release|Any CPU.ActiveCfg = Release|Any CPU
		{829DE13F-CF3B-4D4A-AFE2-446FB4182E2A}.Release|Any CPU.Build.0 = Release|Any CPU
		{829DE13F-CF3B-4D4A-AFE2-446FB4182E2A}.Release|Any CPU.Deploy.0 = Release|Any CPU
	EndGlobalSection
	GlobalSection(SolutionProperties) = preSolution
		HideSolutionNode = FALSE
	EndGlobalSection
EndGlobal
