
Microsoft Visual Studio Solution File, Format Version 10.00
# Visual Studio 2008
Project("{FAE04EC0-301F-11D3-BF4B-00C04F79EFBC}") = "TREK_V3_Sample_Code_ControlPanel", "TREK_V3_Sample_Code_ControlPanel\TREK_V3_Sample_Code_ControlPanel.csproj", "{B096A506-6E73-40DF-84E9-75240BAC493E}"
EndProject
Global
	GlobalSection(SolutionConfigurationPlatforms) = preSolution
		Debug|Any CPU = Debug|Any CPU
		Release|Any CPU = Release|Any CPU
	EndGlobalSection
	GlobalSection(ProjectConfigurationPlatforms) = postSolution
		{B096A506-6E73-40DF-84E9-75240BAC493E}.Debug|Any CPU.ActiveCfg = Debug|Any CPU
		{B096A506-6E73-40DF-84E9-75240BAC493E}.Debug|Any CPU.Build.0 = Debug|Any CPU
		{B096A506-6E73-40DF-84E9-75240BAC493E}.Release|Any CPU.ActiveCfg = Release|Any CPU
		{B096A506-6E73-40DF-84E9-75240BAC493E}.Release|Any CPU.Build.0 = Release|Any CPU
	EndGlobalSection
	GlobalSection(SolutionProperties) = preSolution
		HideSolutionNode = FALSE
	EndGlobalSection
EndGlobal
